# Generated by pub
# See https://dart.dev/tools/pub/glossary#lockfile
packages:
  args:
    dependency: "direct overridden"
    description:
      path: "/home/hatch/workspace/opentune/.pub_pkgs/args-2.7.0"
      relative: false
    source: path
    version: "2.7.0"
  async:
    dependency: "direct overridden"
    description:
      path: "/home/hatch/workspace/opentune/.pub_pkgs/async-2.13.1"
      relative: false
    source: path
    version: "2.13.1"
  audio_service:
    dependency: "direct main"
    description:
      path: "/home/hatch/workspace/opentune/.pub_pkgs/audio_service-0.18.19"
      relative: false
    source: path
    version: "0.18.19"
  audio_service_platform_interface:
    dependency: "direct overridden"
    description:
      path: "/home/hatch/workspace/opentune/.pub_pkgs/audio_service_platform_interface-0.1.3"
      relative: false
    source: path
    version: "0.1.3"
  audio_service_web:
    dependency: "direct overridden"
    description:
      path: "/home/hatch/workspace/opentune/.pub_pkgs/audio_service_web-0.1.4"
      relative: false
    source: path
    version: "0.1.4"
  audio_session:
    dependency: "direct overridden"
    description:
      path: "/home/hatch/workspace/opentune/.pub_pkgs/audio_session-0.1.25"
      relative: false
    source: path
    version: "0.1.25"
  boolean_selector:
    dependency: transitive
    description:
      name: boolean_selector
      sha256: "8aab1771e1243a5063b8b0ff68042d67334e3feab9e95b9490f9a6ebf73b42ea"
      url: "https://pub.dev"
    source: hosted
    version: "2.1.2"
  characters:
    dependency: transitive
    description:
      name: characters
      sha256: faf38497bda5ead2a8c7615f4f7939df04333478bf32e4173fcb06d428b5716b
      url: "https://pub.dev"
    source: hosted
    version: "1.4.1"
  clock:
    dependency: "direct overridden"
    description:
      path: "/home/hatch/workspace/opentune/.pub_pkgs/clock-1.1.3"
      relative: false
    source: path
    version: "1.1.3"
  code_assets:
    dependency: "direct overridden"
    description:
      path: "/home/hatch/workspace/opentune/.pub_pkgs/code_assets-2.1.0"
      relative: false
    source: path
    version: "2.1.0"
  collection:
    dependency: "direct overridden"
    description:
      path: "/home/hatch/workspace/opentune/.pub_pkgs/collection-1.19.1"
      relative: false
    source: path
    version: "1.19.1"
  cross_file:
    dependency: "direct overridden"
    description:
      path: "/home/hatch/workspace/opentune/.pub_pkgs/cross_file-0.3.5+5"
      relative: false
    source: path
    version: "0.3.5+5"
  crypto:
    dependency: "direct overridden"
    description:
      path: "/home/hatch/workspace/opentune/.pub_pkgs/crypto-3.0.7"
      relative: false
    source: path
    version: "3.0.7"
  fake_async:
    dependency: transitive
    description:
      name: fake_async
      sha256: "5368f224a74523e8d2e7399ea1638b37aecfca824a3cc4dfdf77bf1fa905ac44"
      url: "https://pub.dev"
    source: hosted
    version: "1.3.3"
  ffi:
    dependency: "direct overridden"
    description:
      path: "/home/hatch/workspace/opentune/.pub_pkgs/ffi-2.2.0"
      relative: false
    source: path
    version: "2.2.0"
  file:
    dependency: "direct overridden"
    description:
      path: "/home/hatch/workspace/opentune/.pub_pkgs/file-7.0.1"
      relative: false
    source: path
    version: "7.0.1"
  file_picker:
    dependency: "direct main"
    description:
      path: "/home/hatch/workspace/opentune/.pub_pkgs/file_picker-8.3.7"
      relative: false
    source: path
    version: "8.3.7"
  fixnum:
    dependency: "direct overridden"
    description:
      path: "/home/hatch/workspace/opentune/.pub_pkgs/fixnum-1.1.1"
      relative: false
    source: path
    version: "1.1.1"
  flutter:
    dependency: "direct main"
    description: flutter
    source: sdk
    version: "0.0.0"
  flutter_cache_manager:
    dependency: "direct overridden"
    description:
      path: "/home/hatch/workspace/opentune/.pub_pkgs/flutter_cache_manager-3.4.5"
      relative: false
    source: path
    version: "3.4.5"
  flutter_lints:
    dependency: "direct dev"
    description:
      path: "/home/hatch/workspace/opentune/.pub_pkgs/flutter_lints-4.0.0"
      relative: false
    source: path
    version: "4.0.0"
  flutter_plugin_android_lifecycle:
    dependency: "direct overridden"
    description:
      path: "/home/hatch/workspace/opentune/.pub_pkgs/flutter_plugin_android_lifecycle-2.0.35"
      relative: false
    source: path
    version: "2.0.35"
  flutter_test:
    dependency: "direct dev"
    description: flutter
    source: sdk
    version: "0.0.0"
  flutter_web_plugins:
    dependency: transitive
    description: flutter
    source: sdk
    version: "0.0.0"
  hooks:
    dependency: "direct overridden"
    description:
      path: "/home/hatch/workspace/opentune/.pub_pkgs/hooks-2.2.0"
      relative: false
    source: path
    version: "2.2.0"
  http:
    dependency: "direct main"
    description:
      path: "/home/hatch/workspace/opentune/.pub_pkgs/http-1.6.0"
      relative: false
    source: path
    version: "1.6.0"
  http_parser:
    dependency: "direct overridden"
    description:
      path: "/home/hatch/workspace/opentune/.pub_pkgs/http_parser-4.1.2"
      relative: false
    source: path
    version: "4.1.2"
  jni:
    dependency: "direct overridden"
    description:
      path: "/home/hatch/workspace/opentune/.pub_pkgs/jni-1.1.0"
      relative: false
    source: path
    version: "1.1.0"
  jni_flutter:
    dependency: "direct overridden"
    description:
      path: "/home/hatch/workspace/opentune/.pub_pkgs/jni_flutter-1.0.4+1"
      relative: false
    source: path
    version: "1.0.4+1"
  jni_util:
    dependency: "direct overridden"
    description:
      path: "/home/hatch/workspace/opentune/.pub_pkgs/jni_util-1.0.0"
      relative: false
    source: path
    version: "1.0.0"
  js:
    dependency: "direct overridden"
    description:
      path: "/home/hatch/workspace/opentune/.pub_pkgs/js-0.7.2"
      relative: false
    source: path
    version: "0.7.2"
  just_audio:
    dependency: "direct main"
    description:
      path: "/home/hatch/workspace/opentune/.pub_pkgs/just_audio-0.9.46"
      relative: false
    source: path
    version: "0.9.46"
  just_audio_background:
    dependency: "direct main"
    description:
      path: "/home/hatch/workspace/opentune/.pub_pkgs/just_audio_background-0.0.1-beta.9"
      relative: false
    source: path
    version: "0.0.1-beta.9"
  just_audio_platform_interface:
    dependency: "direct overridden"
    description:
      path: "/home/hatch/workspace/opentune/.pub_pkgs/just_audio_platform_interface-4.6.0"
      relative: false
    source: path
    version: "4.6.0"
  just_audio_web:
    dependency: "direct overridden"
    description:
      path: "/home/hatch/workspace/opentune/.pub_pkgs/just_audio_web-0.4.16"
      relative: false
    source: path
    version: "0.4.16"
  leak_tracker:
    dependency: transitive
    description:
      name: leak_tracker
      sha256: "33e2e26bdd85a0112ec15400c8cbffea70d0f9c3407491f672a2fad47915e2de"
      url: "https://pub.dev"
    source: hosted
    version: "11.0.2"
  leak_tracker_flutter_testing:
    dependency: transitive
    description:
      name: leak_tracker_flutter_testing
      sha256: "1dbc140bb5a23c75ea9c4811222756104fbcd1a27173f0c34ca01e16bea473c1"
      url: "https://pub.dev"
    source: hosted
    version: "3.0.10"
  leak_tracker_testing:
    dependency: transitive
    description:
      name: leak_tracker_testing
      sha256: "8d5a2d49f4a66b49744b23b018848400d23e54caf9463f4eb20df3eb8acb2eb1"
      url: "https://pub.dev"
    source: hosted
    version: "3.0.2"
  lints:
    dependency: "direct overridden"
    description:
      path: "/home/hatch/workspace/opentune/.pub_pkgs/lints-4.0.0"
      relative: false
    source: path
    version: "4.0.0"
  logging:
    dependency: "direct overridden"
    description:
      path: "/home/hatch/workspace/opentune/.pub_pkgs/logging-1.3.0"
      relative: false
    source: path
    version: "1.3.0"
  matcher:
    dependency: transitive
    description:
      name: matcher
      sha256: "31bd099b47c10cd1aeb55146a2d46ce0277630ecef3f7dae54ad7873f36696cd"
      url: "https://pub.dev"
    source: hosted
    version: "0.12.20"
  material_color_utilities:
    dependency: transitive
    description:
      name: material_color_utilities
      sha256: "9c337007e82b1889149c82ed242ed1cb24a66044e30979c44912381e9be4c48b"
      url: "https://pub.dev"
    source: hosted
    version: "0.13.0"
  meta:
    dependency: "direct overridden"
    description:
      path: "/home/hatch/workspace/opentune/.pub_pkgs/meta-1.19.0"
      relative: false
    source: path
    version: "1.19.0"
  objective_c:
    dependency: "direct overridden"
    description:
      path: "/home/hatch/workspace/opentune/.pub_pkgs/objective_c-9.6.2"
      relative: false
    source: path
    version: "9.6.2"
  package_config:
    dependency: "direct overridden"
    description:
      path: "/home/hatch/workspace/opentune/.pub_pkgs/package_config-3.0.0"
      relative: false
    source: path
    version: "3.0.0"
  path:
    dependency: "direct overridden"
    description:
      path: "/home/hatch/workspace/opentune/.pub_pkgs/path-1.9.1"
      relative: false
    source: path
    version: "1.9.1"
  path_provider:
    dependency: "direct main"
    description:
      path: "/home/hatch/workspace/opentune/.pub_pkgs/path_provider-2.1.6"
      relative: false
    source: path
    version: "2.1.6"
  path_provider_android:
    dependency: "direct overridden"
    description:
      path: "/home/hatch/workspace/opentune/.pub_pkgs/path_provider_android-2.3.1"
      relative: false
    source: path
    version: "2.3.1"
  path_provider_foundation:
    dependency: "direct overridden"
    description:
      path: "/home/hatch/workspace/opentune/.pub_pkgs/path_provider_foundation-2.6.0"
      relative: false
    source: path
    version: "2.6.0"
  path_provider_linux:
    dependency: "direct overridden"
    description:
      path: "/home/hatch/workspace/opentune/.pub_pkgs/path_provider_linux-2.2.2"
      relative: false
    source: path
    version: "2.2.2"
  path_provider_platform_interface:
    dependency: "direct overridden"
    description:
      path: "/home/hatch/workspace/opentune/.pub_pkgs/path_provider_platform_interface-2.1.3"
      relative: false
    source: path
    version: "2.1.3"
  path_provider_windows:
    dependency: "direct overridden"
    description:
      path: "/home/hatch/workspace/opentune/.pub_pkgs/path_provider_windows-2.3.0"
      relative: false
    source: path
    version: "2.3.0"
  platform:
    dependency: "direct overridden"
    description:
      path: "/home/hatch/workspace/opentune/.pub_pkgs/platform-3.2.0"
      relative: false
    source: path
    version: "3.2.0"
  plugin_platform_interface:
    dependency: "direct overridden"
    description:
      path: "/home/hatch/workspace/opentune/.pub_pkgs/plugin_platform_interface-2.1.8"
      relative: false
    source: path
    version: "2.1.8"
  pub_semver:
    dependency: "direct overridden"
    description:
      path: "/home/hatch/workspace/opentune/.pub_pkgs/pub_semver-2.2.1"
      relative: false
    source: path
    version: "2.2.1"
  record_use:
    dependency: "direct overridden"
    description:
      path: "/home/hatch/workspace/opentune/.pub_pkgs/record_use-1.1.1"
      relative: false
    source: path
    version: "1.1.1"
  rxdart:
    dependency: "direct overridden"
    description:
      path: "/home/hatch/workspace/opentune/.pub_pkgs/rxdart-0.27.7"
      relative: false
    source: path
    version: "0.27.7"
  shared_preferences:
    dependency: "direct main"
    description:
      path: "/home/hatch/workspace/opentune/.pub_pkgs/shared_preferences-2.5.6"
      relative: false
    source: path
    version: "2.5.6"
  shared_preferences_android:
    dependency: "direct overridden"
    description:
      path: "/home/hatch/workspace/opentune/.pub_pkgs/shared_preferences_android-2.4.28"
      relative: false
    source: path
    version: "2.4.28"
  shared_preferences_foundation:
    dependency: "direct overridden"
    description:
      path: "/home/hatch/workspace/opentune/.pub_pkgs/shared_preferences_foundation-2.5.7"
      relative: false
    source: path
    version: "2.5.7"
  shared_preferences_linux:
    dependency: "direct overridden"
    description:
      path: "/home/hatch/workspace/opentune/.pub_pkgs/shared_preferences_linux-2.4.1"
      relative: false
    source: path
    version: "2.4.1"
  shared_preferences_platform_interface:
    dependency: "direct overridden"
    description:
      path: "/home/hatch/workspace/opentune/.pub_pkgs/shared_preferences_platform_interface-2.4.2"
      relative: false
    source: path
    version: "2.4.2"
  shared_preferences_web:
    dependency: "direct overridden"
    description:
      path: "/home/hatch/workspace/opentune/.pub_pkgs/shared_preferences_web-2.4.3"
      relative: false
    source: path
    version: "2.4.3"
  shared_preferences_windows:
    dependency: "direct overridden"
    description:
      path: "/home/hatch/workspace/opentune/.pub_pkgs/shared_preferences_windows-2.4.1"
      relative: false
    source: path
    version: "2.4.1"
  sky_engine:
    dependency: transitive
    description: flutter
    source: sdk
    version: "0.0.0"
  source_span:
    dependency: "direct overridden"
    description:
      path: "/home/hatch/workspace/opentune/.pub_pkgs/source_span-1.10.2"
      relative: false
    source: path
    version: "1.10.2"
  sqflite:
    dependency: "direct overridden"
    description:
      path: "/home/hatch/workspace/opentune/.pub_pkgs/sqflite-2.4.4+1"
      relative: false
    source: path
    version: "2.4.4+1"
  sqflite_android:
    dependency: "direct overridden"
    description:
      path: "/home/hatch/workspace/opentune/.pub_pkgs/sqflite_android-2.4.4"
      relative: false
    source: path
    version: "2.4.4"
  sqflite_common:
    dependency: "direct overridden"
    description:
      path: "/home/hatch/workspace/opentune/.pub_pkgs/sqflite_common-2.5.13+1"
      relative: false
    source: path
    version: "2.5.13+1"
  sqflite_darwin:
    dependency: "direct overridden"
    description:
      path: "/home/hatch/workspace/opentune/.pub_pkgs/sqflite_darwin-2.4.4"
      relative: false
    source: path
    version: "2.4.4"
  sqflite_platform_interface:
    dependency: "direct overridden"
    description:
      path: "/home/hatch/workspace/opentune/.pub_pkgs/sqflite_platform_interface-2.4.2"
      relative: false
    source: path
    version: "2.4.2"
  stack_trace:
    dependency: transitive
    description:
      name: stack_trace
      sha256: "277654b3034d17ac6f9f1cb5595db011b1d5d41e8806866db28e0abaa101c490"
      url: "https://pub.dev"
    source: hosted
    version: "1.12.2"
  stream_channel:
    dependency: transitive
    description:
      name: stream_channel
      sha256: "969e04c80b8bcdf826f8f16579c7b14d780458bd97f56d107d3950fdbeef059d"
      url: "https://pub.dev"
    source: hosted
    version: "2.1.4"
  string_scanner:
    dependency: "direct overridden"
    description:
      path: "/home/hatch/workspace/opentune/.pub_pkgs/string_scanner-1.4.1"
      relative: false
    source: path
    version: "1.4.1"
  synchronized:
    dependency: "direct overridden"
    description:
      path: "/home/hatch/workspace/opentune/.pub_pkgs/synchronized-3.4.2"
      relative: false
    source: path
    version: "3.4.2"
  term_glyph:
    dependency: "direct overridden"
    description:
      path: "/home/hatch/workspace/opentune/.pub_pkgs/term_glyph-1.2.2"
      relative: false
    source: path
    version: "1.2.2"
  test_api:
    dependency: transitive
    description:
      name: test_api
      sha256: "2a122cbe059f8b610d3a5415f42e255b6c17b1f21eee1d960f31080237fb4f11"
      url: "https://pub.dev"
    source: hosted
    version: "0.7.12"
  typed_data:
    dependency: "direct overridden"
    description:
      path: "/home/hatch/workspace/opentune/.pub_pkgs/typed_data-1.4.0"
      relative: false
    source: path
    version: "1.4.0"
  uuid:
    dependency: "direct overridden"
    description:
      path: "/home/hatch/workspace/opentune/.pub_pkgs/uuid-4.6.0"
      relative: false
    source: path
    version: "4.6.0"
  vector_math:
    dependency: transitive
    description:
      name: vector_math
      sha256: "1d774bbdf6b72a0b12122fc1560c9c2d2a67db5a4a4cc2bd8a5c990ab20e3188"
      url: "https://pub.dev"
    source: hosted
    version: "2.4.0"
  vm_service:
    dependency: transitive
    description:
      name: vm_service
      sha256: "5f37239c4851efcef929cea7824e76df7f2f0970aef85d66bbc430afa40e72f0"
      url: "https://pub.dev"
    source: hosted
    version: "15.3.0"
  web:
    dependency: "direct overridden"
    description:
      path: "/home/hatch/workspace/opentune/.pub_pkgs/web-1.1.1"
      relative: false
    source: path
    version: "1.1.1"
  win32:
    dependency: "direct overridden"
    description:
      path: "/home/hatch/workspace/opentune/.pub_pkgs/win32-5.15.0"
      relative: false
    source: path
    version: "5.15.0"
  xdg_directories:
    dependency: "direct overridden"
    description:
      path: "/home/hatch/workspace/opentune/.pub_pkgs/xdg_directories-1.1.0"
      relative: false
    source: path
    version: "1.1.0"
  yaml:
    dependency: "direct overridden"
    description:
      path: "/home/hatch/workspace/opentune/.pub_pkgs/yaml-3.1.4"
      relative: false
    source: path
    version: "3.1.4"
sdks:
  dart: ">=3.11.0-0 <4.0.0"
  flutter: ">=3.18.0-18.0.pre.54"
